{
  "name": "vitepress-project",
  "version": "1.0.0",
  "lockfileVersion": 3,
  "requires": true,
  "packages": {
    "": {
      "name": "vitepress-project",
      "devDependencies": {
        "vitepress": "1.0.0-alpha.28",
        "vue": "3.2.44"
      }
    },
    "node_modules/@algolia/autocomplete-core": {
      "version": "1.17.7",
      "resolved": "https://registry.npmjs.org/@algolia/autocomplete-core/-/autocomplete-core-1.17.7.tgz",
      "integrity": "sha512-BjiPOW6ks90UKl7TwMv7oNQMnzU+t/wk9mgIDi6b1tXpUek7MW0lbNOUHpvam9pe3lVCf4xPFT+lK7s+e+fs7Q==",
      "dev": true,
      "license": "MIT",
      "dependencies": {
        "@algolia/autocomplete-plugin-algolia-insights": "1.17.7",
        "@algolia/autocomplete-shared": "1.17.7"
      }
    },
    "node_modules/@algolia/autocomplete-plugin-algolia-insights": {
      "version": "1.17.7",
      "resolved": "https://registry.npmjs.org/@algolia/autocomplete-plugin-algolia-insights/-/autocomplete-plugin-algolia-insights-1.17.7.tgz",
      "integrity": "sha512-Jca5Ude6yUOuyzjnz57og7Et3aXjbwCSDf/8onLHSQgw1qW3ALl9mrMWaXb5FmPVkV3EtkD2F/+NkT6VHyPu9A==",
      "dev": true,
      "license": "MIT",
      "dependencies": {
        "@algolia/autocomplete-shared": "1.17.7"
      },
      "peerDependencies": {
        "search-insights": ">= 1 < 3"
      }
    },
    "node_modules/@algolia/autocomplete-preset-algolia": {
      "version": "1.17.7",
      "resolved": "https://registry.npmjs.org/@algolia/autocomplete-preset-algolia/-/autocomplete-preset-algolia-1.17.7.tgz",
      "integrity": "sha512-ggOQ950+nwbWROq2MOCIL71RE0DdQZsceqrg32UqnhDz8FlO9rL8ONHNsI2R1MH0tkgVIDKI/D0sMiUchsFdWA==",
      "dev": true,
      "license": "MIT",
      "dependencies": {
        "@algolia/autocomplete-shared": "1.17.7"
      },
      "peerDependencies": {
        "@algolia/client-search": ">= 4.9.1 < 6",
        "algoliasearch": ">= 4.9.1 < 6"
      }
    },
    "node_modules/@algolia/autocomplete-shared": {
      "version": "1.17.7",
      "resolved": "https://registry.npmjs.org/@algolia/autocomplete-shared/-/autocomplete-shared-1.17.7.tgz",
      "integrity": "sha512-o/1Vurr42U/qskRSuhBH+VKxMvkkUVTLU6WZQr+L5lGZZLYWyhdzWjW0iGXY7EkwRTjBqvN2EsR81yCTGV/kmg==",
      "dev": true,
      "license": "MIT",
      "peerDependencies": {
        "@algolia/client-search": ">= 4.9.1 < 6",
        "algoliasearch": ">= 4.9.1 < 6"
      }
    },
    "node_modules/@algolia/client-abtesting": {
      "version": "5.18.0",
      "resolved": "https://registry.npmjs.org/@algolia/client-abtesting/-/client-abtesting-5.18.0.tgz",
      "integrity": "sha512-DLIrAukjsSrdMNNDx1ZTks72o4RH/1kOn8Wx5zZm8nnqFexG+JzY4SANnCNEjnFQPJTTvC+KpgiNW/CP2lumng==",
      "dev": true,
      "license": "MIT",
      "dependencies": {
        "@algolia/client-common": "5.18.0",
        "@algolia/requester-browser-xhr": "5.18.0",
        "@algolia/requester-fetch": "5.18.0",
        "@algolia/requester-node-http": "5.18.0"
      },
      "engines": {
        "node": ">= 14.0.0"
      }
    },
    "node_modules/@algolia/client-analytics": {
      "version": "5.18.0",
      "resolved": "https://registry.npmjs.org/@algolia/client-analytics/-/client-analytics-5.18.0.tgz",
      "integrity": "sha512-0VpGG2uQW+h2aejxbG8VbnMCQ9ary9/ot7OASXi6OjE0SRkYQ/+pkW+q09+IScif3pmsVVYggmlMPtAsmYWHng==",
      "dev": true,
      "license": "MIT",
      "dependencies": {
        "@algolia/client-common": "5.18.0",
        "@algolia/requester-browser-xhr": "5.18.0",
        "@algolia/requester-fetch": "5.18.0",
        "@algolia/requester-node-http": "5.18.0"
      },
      "engines": {
        "node": ">= 14.0.0"
      }
    },
    "node_modules/@algolia/client-common": {
      "version": "5.18.0",
      "resolved": "https://registry.npmjs.org/@algolia/client-common/-/client-common-5.18.0.tgz",
      "integrity": "sha512-X1WMSC+1ve2qlMsemyTF5bIjwipOT+m99Ng1Tyl36ZjQKTa54oajBKE0BrmM8LD8jGdtukAgkUhFoYOaRbMcmQ==",
      "dev": true,
      "license": "MIT",
      "engines": {
        "node": ">= 14.0.0"
      }
    },
    "node_modules/@algolia/client-insights": {
      "version": "5.18.0",
      "resolved": "https://registry.npmjs.org/@algolia/client-insights/-/client-insights-5.18.0.tgz",
      "integrity": "sha512-FAJRNANUOSs/FgYOJ/Njqp+YTe4TMz2GkeZtfsw1TMiA5mVNRS/nnMpxas9771aJz7KTEWvK9GwqPs0K6RMYWg==",
      "dev": true,
      "license": "MIT",
      "dependencies": {
        "@algolia/client-common": "5.18.0",
        "@algolia/requester-browser-xhr": "5.18.0",
        "@algolia/requester-fetch": "5.18.0",
        "@algolia/requester-node-http": "5.18.0"
      },
      "engines": {
        "node": ">= 14.0.0"
      }
    },
    "node_modules/@algolia/client-personalization": {
      "version": "5.18.0",
      "resolved": "https://registry.npmjs.org/@algolia/client-personalization/-/client-personalization-5.18.0.tgz",
      "integrity": "sha512-I2dc94Oiwic3SEbrRp8kvTZtYpJjGtg5y5XnqubgnA15AgX59YIY8frKsFG8SOH1n2rIhUClcuDkxYQNXJLg+w==",
      "dev": true,
      "license": "MIT",
      "dependencies": {
        "@algolia/client-common": "5.18.0",
        "@algolia/requester-browser-xhr": "5.18.0",
        "@algolia/requester-fetch": "5.18.0",
        "@algolia/requester-node-http": "5.18.0"
      },
      "engines": {
        "node": ">= 14.0.0"
      }
    },
    "node_modules/@algolia/client-query-suggestions": {
      "version": "5.18.0",
      "resolved": "https://registry.npmjs.org/@algolia/client-query-suggestions/-/client-query-suggestions-5.18.0.tgz",
      "integrity": "sha512-x6XKIQgKFTgK/bMasXhghoEjHhmgoP61pFPb9+TaUJ32aKOGc65b12usiGJ9A84yS73UDkXS452NjyP50Knh/g==",
      "dev": true,
      "license": "MIT",
      "dependencies": {
        "@algolia/client-common": "5.18.0",
        "@algolia/requester-browser-xhr": "5.18.0",
        "@algolia/requester-fetch": "5.18.0",
        "@algolia/requester-node-http": "5.18.0"
      },
      "engines": {
        "node": ">= 14.0.0"
      }
    },
    "node_modules/@algolia/client-search": {
      "version": "5.18.0",
      "resolved": "https://registry.npmjs.org/@algolia/client-search/-/client-search-5.18.0.tgz",
      "integrity": "sha512-qI3LcFsVgtvpsBGR7aNSJYxhsR+Zl46+958ODzg8aCxIcdxiK7QEVLMJMZAR57jGqW0Lg/vrjtuLFDMfSE53qA==",
      "dev": true,
      "license": "MIT",
      "dependencies": {
        "@algolia/client-common": "5.18.0",
        "@algolia/requester-browser-xhr": "5.18.0",
        "@algolia/requester-fetch": "5.18.0",
        "@algolia/requester-node-http": "5.18.0"
      },
      "engines": {
        "node": ">= 14.0.0"
      }
    },
    "node_modules/@algolia/ingestion": {
      "version": "1.18.0",
      "resolved": "https://registry.npmjs.org/@algolia/ingestion/-/ingestion-1.18.0.tgz",
      "integrity": "sha512-bGvJg7HnGGm+XWYMDruZXWgMDPVt4yCbBqq8DM6EoaMBK71SYC4WMfIdJaw+ABqttjBhe6aKNRkWf/bbvYOGyw==",
      "dev": true,
      "license": "MIT",
      "dependencies": {
        "@algolia/client-common": "5.18.0",
        "@algolia/requester-browser-xhr": "5.18.0",
        "@algolia/requester-fetch": "5.18.0",
        "@algolia/requester-node-http": "5.18.0"
      },
      "engines": {
        "node": ">= 14.0.0"
      }
    },
    "node_modules/@algolia/monitoring": {
      "version": "1.18.0",
      "resolved": "https://registry.npmjs.org/@algolia/monitoring/-/monitoring-1.18.0.tgz",
      "integrity": "sha512-lBssglINIeGIR+8KyzH05NAgAmn1BCrm5D2T6pMtr/8kbTHvvrm1Zvcltc5dKUQEFyyx3J5+MhNc7kfi8LdjVw==",
      "dev": true,
      "license": "MIT",
      "dependencies": {
        "@algolia/client-common": "5.18.0",
        "@algolia/requester-browser-xhr": "5.18.0",
        "@algolia/requester-fetch": "5.18.0",
        "@algolia/requester-node-http": "5.18.0"
      },
      "engines": {
        "node": ">= 14.0.0"
      }
    },
    "node_modules/@algolia/recommend": {
      "version": "5.18.0",
      "resolved": "https://registry.npmjs.org/@algolia/recommend/-/recommend-5.18.0.tgz",
      "integrity": "sha512-uSnkm0cdAuFwdMp4pGT5vHVQ84T6AYpTZ3I0b3k/M3wg4zXDhl3aCiY8NzokEyRLezz/kHLEEcgb/tTTobOYVw==",
      "dev": true,
      "license": "MIT",
      "dependencies": {
        "@algolia/client-common": "5.18.0",
        "@algolia/requester-browser-xhr": "5.18.0",
        "@algolia/requester-fetch": "5.18.0",
        "@algolia/requester-node-http": "5.18.0"
      },
      "engines": {
        "node": ">= 14.0.0"
      }
    },
    "node_modules/@algolia/requester-browser-xhr": {
      "version": "5.18.0",
      "resolved": "https://registry.npmjs.org/@algolia/requester-browser-xhr/-/requester-browser-xhr-5.18.0.tgz",
      "integrity": "sha512-1XFjW0C3pV0dS/9zXbV44cKI+QM4ZIz9cpatXpsjRlq6SUCpLID3DZHsXyE6sTb8IhyPaUjk78GEJT8/3hviqg==",
      "dev": true,
      "license": "MIT",
      "dependencies": {
        "@algolia/client-common": "5.18.0"
      },
      "engines": {
        "node": ">= 14.0.0"
      }
    },
    "node_modules/@algolia/requester-fetch": {
      "version": "5.18.0",
      "resolved": "https://registry.npmjs.org/@algolia/requester-fetch/-/requester-fetch-5.18.0.tgz",
      "integrity": "sha512-0uodeNdAHz1YbzJh6C5xeQ4T6x5WGiUxUq3GOaT/R4njh5t78dq+Rb187elr7KtnjUmETVVuCvmEYaThfTHzNg==",
      "dev": true,
      "license": "MIT",
      "dependencies": {
        "@algolia/client-common": "5.18.0"
      },
      "engines": {
        "node": ">= 14.0.0"
      }
    },
    "node_modules/@algolia/requester-node-http": {
      "version": "5.18.0",
      "resolved": "https://registry.npmjs.org/@algolia/requester-node-http/-/requester-node-http-5.18.0.tgz",
      "integrity": "sha512-tZCqDrqJ2YE2I5ukCQrYN8oiF6u3JIdCxrtKq+eniuLkjkO78TKRnXrVcKZTmfFJyyDK8q47SfDcHzAA3nHi6w==",
      "dev": true,
      "license": "MIT",
      "dependencies": {
        "@algolia/client-common": "5.18.0"
      },
      "engines": {
        "node": ">= 14.0.0"
      }
    },
    "node_modules/@babel/helper-string-parser": {
      "version": "7.25.9",
      "resolved": "https://registry.npmjs.org/@babel/helper-string-parser/-/helper-string-parser-7.25.9.tgz",
      "integrity": "sha512-4A/SCr/2KLd5jrtOMFzaKjVtAei3+2r/NChoBNoZ3EyP/+GlhoaEGoWOZUmFmoITP7zOJyHIMm+DYRd8o3PvHA==",
      "dev": true,
      "license": "MIT",
      "engines": {
        "node": ">=6.9.0"
      }
    },
    "node_modules/@babel/helper-validator-identifier": {
      "version": "7.25.9",
      "resolved": "https://registry.npmjs.org/@babel/helper-validator-identifier/-/helper-validator-identifier-7.25.9.tgz",
      "integrity": "sha512-Ed61U6XJc3CVRfkERJWDz4dJwKe7iLmmJsbOGu9wSloNSFttHV0I8g6UAgb7qnK5ly5bGLPd4oXZlxCdANBOWQ==",
      "dev": true,
      "license": "MIT",
      "engines": {
        "node": ">=6.9.0"
      }
    },
    "node_modules/@babel/parser": {
      "version": "7.26.3",
      "resolved": "https://registry.npmjs.org/@babel/parser/-/parser-7.26.3.tgz",
      "integrity": "sha512-WJ/CvmY8Mea8iDXo6a7RK2wbmJITT5fN3BEkRuFlxVyNx8jOKIIhmC4fSkTcPcf8JyavbBwIe6OpiCOBXt/IcA==",
      "dev": true,
      "license": "MIT",
      "dependencies": {
        "@babel/types": "^7.26.3"
      },
      "bin": {
        "parser": "bin/babel-parser.js"
      },
      "engines": {
        "node": ">=6.0.0"
      }
    },
    "node_modules/@babel/types": {
      "version": "7.26.3",
      "resolved": "https://registry.npmjs.org/@babel/types/-/types-7.26.3.tgz",
      "integrity": "sha512-vN5p+1kl59GVKMvTHt55NzzmYVxprfJD+ql7U9NFIfKCBkYE55LYtS+WtPlaYOyzydrKI8Nezd+aZextrd+FMA==",
      "dev": true,
      "license": "MIT",
      "dependencies": {
        "@babel/helper-string-parser": "^7.25.9",
        "@babel/helper-validator-identifier": "^7.25.9"
      },
      "engines": {
        "node": ">=6.9.0"
      }
    },
    "node_modules/@docsearch/css": {
      "version": "3.8.2",
      "resolved": "https://registry.npmjs.org/@docsearch/css/-/css-3.8.2.tgz",
      "integrity": "sha512-y05ayQFyUmCXze79+56v/4HpycYF3uFqB78pLPrSV5ZKAlDuIAAJNhaRi8tTdRNXh05yxX/TyNnzD6LwSM89vQ==",
      "dev": true,
      "license": "MIT"
    },
    "node_modules/@docsearch/js": {
      "version": "3.8.2",
      "resolved": "https://registry.npmjs.org/@docsearch/js/-/js-3.8.2.tgz",
      "integrity": "sha512-Q5wY66qHn0SwA7Taa0aDbHiJvaFJLOJyHmooQ7y8hlwwQLQ/5WwCcoX0g7ii04Qi2DJlHsd0XXzJ8Ypw9+9YmQ==",
      "dev": true,
      "license": "MIT",
      "dependencies": {
        "@docsearch/react": "3.8.2",
        "preact": "^10.0.0"
      }
    },
    "node_modules/@docsearch/react": {
      "version": "3.8.2",
      "resolved": "https://registry.npmjs.org/@docsearch/react/-/react-3.8.2.tgz",
      "integrity": "sha512-xCRrJQlTt8N9GU0DG4ptwHRkfnSnD/YpdeaXe02iKfqs97TkZJv60yE+1eq/tjPcVnTW8dP5qLP7itifFVV5eg==",
      "dev": true,
      "license": "MIT",
      "dependencies": {
        "@algolia/autocomplete-core": "1.17.7",
        "@algolia/autocomplete-preset-algolia": "1.17.7",
        "@docsearch/css": "3.8.2",
        "algoliasearch": "^5.14.2"
      },
      "peerDependencies": {
        "@types/react": ">= 16.8.0 < 19.0.0",
        "react": ">= 16.8.0 < 19.0.0",
        "react-dom": ">= 16.8.0 < 19.0.0",
        "search-insights": ">= 1 < 3"
      },
      "peerDependenciesMeta": {
        "@types/react": {
          "optional": true
        },
        "react": {
          "optional": true
        },
        "react-dom": {
          "optional": true
        },
        "search-insights": {
          "optional": true
        }
      }
    },
    "node_modules/@esbuild/android-arm": {
      "version": "0.15.18",
      "resolved": "https://registry.npmjs.org/@esbuild/android-arm/-/android-arm-0.15.18.tgz",
      "integrity": "sha512-5GT+kcs2WVGjVs7+boataCkO5Fg0y4kCjzkB5bAip7H4jfnOS3dA6KPiww9W1OEKTKeAcUVhdZGvgI65OXmUnw==",
      "cpu": [
        "arm"
      ],
      "dev": true,
      "license": "MIT",
      "optional": true,
      "os": [
        "android"
      ],
      "engines": {
        "node": ">=12"
      }
    },
    "node_modules/@esbuild/linux-loong64": {
      "version": "0.15.18",
      "resolved": "https://registry.npmjs.org/@esbuild/linux-loong64/-/linux-loong64-0.15.18.tgz",
      "integrity": "sha512-L4jVKS82XVhw2nvzLg/19ClLWg0y27ulRwuP7lcyL6AbUWB5aPglXY3M21mauDQMDfRLs8cQmeT03r/+X3cZYQ==",
      "cpu": [
        "loong64"
      ],
      "dev": true,
      "license": "MIT",
      "optional": true,
      "os": [
        "linux"
      ],
      "engines": {
        "node": ">=12"
      }
    },
    "node_modules/@types/web-bluetooth": {
      "version": "0.0.16",
      "resolved": "https://registry.npmjs.org/@types/web-bluetooth/-/web-bluetooth-0.0.16.tgz",
      "integrity": "sha512-oh8q2Zc32S6gd/j50GowEjKLoOVOwHP/bWVjKJInBwQqdOYMdPrf1oVlelTlyfFK3CKxL1uahMDAr+vy8T7yMQ==",
      "dev": true,
      "license": "MIT"
    },
    "node_modules/@vitejs/plugin-vue": {
      "version": "3.2.0",
      "resolved": "https://registry.npmjs.org/@vitejs/plugin-vue/-/plugin-vue-3.2.0.tgz",
      "integrity": "sha512-E0tnaL4fr+qkdCNxJ+Xd0yM31UwMkQje76fsDVBBUCoGOUPexu2VDUYHL8P4CwV+zMvWw6nlRw19OnRKmYAJpw==",
      "dev": true,
      "license": "MIT",
      "engines": {
        "node": "^14.18.0 || >=16.0.0"
      },
      "peerDependencies": {
        "vite": "^3.0.0",
        "vue": "^3.2.25"
      }
    },
    "node_modules/@vue/compiler-core": {
      "version": "3.2.44",
      "resolved": "https://registry.npmjs.org/@vue/compiler-core/-/compiler-core-3.2.44.tgz",
      "integrity": "sha512-TwzeVSnaklb8wIvMtwtkPkt9wnU+XD70xJ7N9+eIHtjKAG7OoZttm+14ZL6vWOL+2RcMtSZ+cYH+gvkUqsrmSQ==",
      "dev": true,
      "license": "MIT",
      "dependencies": {
        "@babel/parser": "^7.16.4",
        "@vue/shared": "3.2.44",
        "estree-walker": "^2.0.2",
        "source-map": "^0.6.1"
      }
    },
    "node_modules/@vue/compiler-dom": {
      "version": "3.2.44",
      "resolved": "https://registry.npmjs.org/@vue/compiler-dom/-/compiler-dom-3.2.44.tgz",
      "integrity": "sha512-wPDR+gOn2Qi7SudPJ+gE62vuO/aKXIiIFALvHpztXmDdbAHGy3CDfmBgOGchTgTlSeDJHe9olEMkgOdmyXTjUg==",
      "dev": true,
      "license": "MIT",
      "dependencies": {
        "@vue/compiler-core": "3.2.44",
        "@vue/shared": "3.2.44"
      }
    },
    "node_modules/@vue/compiler-sfc": {
      "version": "3.2.44",
      "resolved": "https://registry.npmjs.org/@vue/compiler-sfc/-/compiler-sfc-3.2.44.tgz",
      "integrity": "sha512-8cFZcUWlrtnfM/GlRwYJdlfgbEOy0OZ/osLDU3h/wJu24HuYAc7QIML1USaKqiZzkjOaTd4y8mvYvcWXq3o5dA==",
      "dev": true,
      "license": "MIT",
      "dependencies": {
        "@babel/parser": "^7.16.4",
        "@vue/compiler-core": "3.2.44",
        "@vue/compiler-dom": "3.2.44",
        "@vue/compiler-ssr": "3.2.44",
        "@vue/reactivity-transform": "3.2.44",
        "@vue/shared": "3.2.44",
        "estree-walker": "^2.0.2",
        "magic-string": "^0.25.7",
        "postcss": "^8.1.10",
        "source-map": "^0.6.1"
      }
    },
    "node_modules/@vue/compiler-ssr": {
      "version": "3.2.44",
      "resolved": "https://registry.npmjs.org/@vue/compiler-ssr/-/compiler-ssr-3.2.44.tgz",
      "integrity": "sha512-tAkUFLgvxds3l5KPyAH77OIYrEeLngNYQfWA9GocHiy2nlyajjqAH/Jq93Bq29Y20GeJzblmRp9DVYCVkJ5Rsw==",
      "dev": true,
      "license": "MIT",
      "dependencies": {
        "@vue/compiler-dom": "3.2.44",
        "@vue/shared": "3.2.44"
      }
    },
    "node_modules/@vue/devtools-api": {
      "version": "6.6.4",
      "resolved": "https://registry.npmjs.org/@vue/devtools-api/-/devtools-api-6.6.4.tgz",
      "integrity": "sha512-sGhTPMuXqZ1rVOk32RylztWkfXTRhuS7vgAKv0zjqk8gbsHkJ7xfFf+jbySxt7tWObEJwyKaHMikV/WGDiQm8g==",
      "dev": true,
      "license": "MIT"
    },
    "node_modules/@vue/reactivity": {
      "version": "3.2.44",
      "resolved": "https://registry.npmjs.org/@vue/reactivity/-/reactivity-3.2.44.tgz",
      "integrity": "sha512-Fe0s52fTsPl+RSdvoqUZ3HRKlaVsKhIh1mea5EWOedFvZCjnymzlj3YC1wZMxi89qXRFSdEASVA/BWUGypk0Ig==",
      "dev": true,
      "license": "MIT",
      "dependencies": {
        "@vue/shared": "3.2.44"
      }
    },
    "node_modules/@vue/reactivity-transform": {
      "version": "3.2.44",
      "resolved": "https://registry.npmjs.org/@vue/reactivity-transform/-/reactivity-transform-3.2.44.tgz",
      "integrity": "sha512-WGbEiXaS2qAOTS9Z3kKk2Nk4bi8OUl73Sih+h0XV9RTUATnaJSEQedveHUDQnHyXiZwyBMKosrxJg8aThHO/rw==",
      "dev": true,
      "license": "MIT",
      "dependencies": {
        "@babel/parser": "^7.16.4",
        "@vue/compiler-core": "3.2.44",
        "@vue/shared": "3.2.44",
        "estree-walker": "^2.0.2",
        "magic-string": "^0.25.7"
      }
    },
    "node_modules/@vue/runtime-core": {
      "version": "3.2.44",
      "resolved": "https://registry.npmjs.org/@vue/runtime-core/-/runtime-core-3.2.44.tgz",
      "integrity": "sha512-uwEV1cttL33k2dC+CNGYhKEYqGejT9KmgQ+4n/LmYUfZ1Gorl8F32DlIX+1pANyGHL1tBAisqHDxKyQBp2oBNA==",
      "dev": true,
      "license": "MIT",
      "dependencies": {
        "@vue/reactivity": "3.2.44",
        "@vue/shared": "3.2.44"
      }
    },
    "node_modules/@vue/runtime-dom": {
      "version": "3.2.44",
      "resolved": "https://registry.npmjs.org/@vue/runtime-dom/-/runtime-dom-3.2.44.tgz",
      "integrity": "sha512-LDzNwXpU/nSpxrLk5jS0bfStgt88msgsgFzj6vHrl7es3QktIrCGybQS5CB/p/TO0q98iAiYtEVmi+Lej7Vgjg==",
      "dev": true,
      "license": "MIT",
      "dependencies": {
        "@vue/runtime-core": "3.2.44",
        "@vue/shared": "3.2.44",
        "csstype": "^2.6.8"
      }
    },
    "node_modules/@vue/server-renderer": {
      "version": "3.2.44",
      "resolved": "https://registry.npmjs.org/@vue/server-renderer/-/server-renderer-3.2.44.tgz",
      "integrity": "sha512-3+ArN07UgOAdbGKIp3uVqeC3bnR3J324QNjPR6vxHbLrTlkibFv8QNled/ux3fVq0KDCkVVKGOKB2V4sCIYOgg==",
      "dev": true,
      "license": "MIT",
      "dependencies": {
        "@vue/compiler-ssr": "3.2.44",
        "@vue/shared": "3.2.44"
      },
      "peerDependencies": {
        "vue": "3.2.44"
      }
    },
    "node_modules/@vue/shared": {
      "version": "3.2.44",
      "resolved": "https://registry.npmjs.org/@vue/shared/-/shared-3.2.44.tgz",
      "integrity": "sha512-mGZ44bnn0zpZ36nXtxbrBPno43yr96wjQE1dBEKS1Sieugt27HS4OGZVBRIgsdGzosB7vqZAvu0ttu1FDVdolA==",
      "dev": true,
      "license": "MIT"
    },
    "node_modules/@vueuse/core": {
      "version": "9.13.0",
      "resolved": "https://registry.npmjs.org/@vueuse/core/-/core-9.13.0.tgz",
      "integrity": "sha512-pujnclbeHWxxPRqXWmdkKV5OX4Wk4YeK7wusHqRwU0Q7EFusHoqNA/aPhB6KCh9hEqJkLAJo7bb0Lh9b+OIVzw==",
      "dev": true,
      "license": "MIT",
      "dependencies": {
        "@types/web-bluetooth": "^0.0.16",
        "@vueuse/metadata": "9.13.0",
        "@vueuse/shared": "9.13.0",
        "vue-demi": "*"
      },
      "funding": {
        "url": "https://github.com/sponsors/antfu"
      }
    },
    "node_modules/@vueuse/core/node_modules/vue-demi": {
      "version": "0.14.10",
      "resolved": "https://registry.npmjs.org/vue-demi/-/vue-demi-0.14.10.tgz",
      "integrity": "sha512-nMZBOwuzabUO0nLgIcc6rycZEebF6eeUfaiQx9+WSk8e29IbLvPU9feI6tqW4kTo3hvoYAJkMh8n8D0fuISphg==",
      "dev": true,
      "hasInstallScript": true,
      "license": "MIT",
      "bin": {
        "vue-demi-fix": "bin/vue-demi-fix.js",
        "vue-demi-switch": "bin/vue-demi-switch.js"
      },
      "engines": {
        "node": ">=12"
      },
      "funding": {
        "url": "https://github.com/sponsors/antfu"
      },
      "peerDependencies": {
        "@vue/composition-api": "^1.0.0-rc.1",
        "vue": "^3.0.0-0 || ^2.6.0"
      },
      "peerDependenciesMeta": {
        "@vue/composition-api": {
          "optional": true
        }
      }
    },
    "node_modules/@vueuse/metadata": {
      "version": "9.13.0",
      "resolved": "https://registry.npmjs.org/@vueuse/metadata/-/metadata-9.13.0.tgz",
      "integrity": "sha512-gdU7TKNAUVlXXLbaF+ZCfte8BjRJQWPCa2J55+7/h+yDtzw3vOoGQDRXzI6pyKyo6bXFT5/QoPE4hAknExjRLQ==",
      "dev": true,
      "license": "MIT",
      "funding": {
        "url": "https://github.com/sponsors/antfu"
      }
    },
    "node_modules/@vueuse/shared": {
      "version": "9.13.0",
      "resolved": "https://registry.npmjs.org/@vueuse/shared/-/shared-9.13.0.tgz",
      "integrity": "sha512-UrnhU+Cnufu4S6JLCPZnkWh0WwZGUp72ktOF2DFptMlOs3TOdVv8xJN53zhHGARmVOsz5KqOls09+J1NR6sBKw==",
      "dev": true,
      "license": "MIT",
      "dependencies": {
        "vue-demi": "*"
      },
      "funding": {
        "url": "https://github.com/sponsors/antfu"
      }
    },
    "node_modules/@vueuse/shared/node_modules/vue-demi": {
      "version": "0.14.10",
      "resolved": "https://registry.npmjs.org/vue-demi/-/vue-demi-0.14.10.tgz",
      "integrity": "sha512-nMZBOwuzabUO0nLgIcc6rycZEebF6eeUfaiQx9+WSk8e29IbLvPU9feI6tqW4kTo3hvoYAJkMh8n8D0fuISphg==",
      "dev": true,
      "hasInstallScript": true,
      "license": "MIT",
      "bin": {
        "vue-demi-fix": "bin/vue-demi-fix.js",
        "vue-demi-switch": "bin/vue-demi-switch.js"
      },
      "engines": {
        "node": ">=12"
      },
      "funding": {
        "url": "https://github.com/sponsors/antfu"
      },
      "peerDependencies": {
        "@vue/composition-api": "^1.0.0-rc.1",
        "vue": "^3.0.0-0 || ^2.6.0"
      },
      "peerDependenciesMeta": {
        "@vue/composition-api": {
          "optional": true
        }
      }
    },
    "node_modules/algoliasearch": {
      "version": "5.18.0",
      "resolved": "https://registry.npmjs.org/algoliasearch/-/algoliasearch-5.18.0.tgz",
      "integrity": "sha512-/tfpK2A4FpS0o+S78o3YSdlqXr0MavJIDlFK3XZrlXLy7vaRXJvW5jYg3v5e/wCaF8y0IpMjkYLhoV6QqfpOgw==",
      "dev": true,
      "license": "MIT",
      "dependencies": {
        "@algolia/client-abtesting": "5.18.0",
        "@algolia/client-analytics": "5.18.0",
        "@algolia/client-common": "5.18.0",
        "@algolia/client-insights": "5.18.0",
        "@algolia/client-personalization": "5.18.0",
        "@algolia/client-query-suggestions": "5.18.0",
        "@algolia/client-search": "5.18.0",
        "@algolia/ingestion": "1.18.0",
        "@algolia/monitoring": "1.18.0",
        "@algolia/recommend": "5.18.0",
        "@algolia/requester-browser-xhr": "5.18.0",
        "@algolia/requester-fetch": "5.18.0",
        "@algolia/requester-node-http": "5.18.0"
      },
      "engines": {
        "node": ">= 14.0.0"
      }
    },
    "node_modules/body-scroll-lock": {
      "version": "4.0.0-beta.0",
      "resolved": "https://registry.npmjs.org/body-scroll-lock/-/body-scroll-lock-4.0.0-beta.0.tgz",
      "integrity": "sha512-a7tP5+0Mw3YlUJcGAKUqIBkYYGlYxk2fnCasq/FUph1hadxlTRjF+gAcZksxANnaMnALjxEddmSi/H3OR8ugcQ==",
      "dev": true,
      "license": "MIT"
    },
    "node_modules/csstype": {
      "version": "2.6.21",
      "resolved": "https://registry.npmjs.org/csstype/-/csstype-2.6.21.tgz",
      "integrity": "sha512-Z1PhmomIfypOpoMjRQB70jfvy/wxT50qW08YXO5lMIJkrdq4yOTR+AW7FqutScmB9NkLwxo+jU+kZLbofZZq/w==",
      "dev": true,
      "license": "MIT"
    },
    "node_modules/esbuild": {
      "version": "0.15.18",
      "resolved": "https://registry.npmjs.org/esbuild/-/esbuild-0.15.18.tgz",
      "integrity": "sha512-x/R72SmW3sSFRm5zrrIjAhCeQSAWoni3CmHEqfQrZIQTM3lVCdehdwuIqaOtfC2slvpdlLa62GYoN8SxT23m6Q==",
      "dev": true,
      "hasInstallScript": true,
      "license": "MIT",
      "bin": {
        "esbuild": "bin/esbuild"
      },
      "engines": {
        "node": ">=12"
      },
      "optionalDependencies": {
        "@esbuild/android-arm": "0.15.18",
        "@esbuild/linux-loong64": "0.15.18",
        "esbuild-android-64": "0.15.18",
        "esbuild-android-arm64": "0.15.18",
        "esbuild-darwin-64": "0.15.18",
        "esbuild-darwin-arm64": "0.15.18",
        "esbuild-freebsd-64": "0.15.18",
        "esbuild-freebsd-arm64": "0.15.18",
        "esbuild-linux-32": "0.15.18",
        "esbuild-linux-64": "0.15.18",
        "esbuild-linux-arm": "0.15.18",
        "esbuild-linux-arm64": "0.15.18",
        "esbuild-linux-mips64le": "0.15.18",
        "esbuild-linux-ppc64le": "0.15.18",
        "esbuild-linux-riscv64": "0.15.18",
        "esbuild-linux-s390x": "0.15.18",
        "esbuild-netbsd-64": "0.15.18",
        "esbuild-openbsd-64": "0.15.18",
        "esbuild-sunos-64": "0.15.18",
        "esbuild-windows-32": "0.15.18",
        "esbuild-windows-64": "0.15.18",
        "esbuild-windows-arm64": "0.15.18"
      }
    },
    "node_modules/esbuild-android-64": {
      "version": "0.15.18",
      "resolved": "https://registry.npmjs.org/esbuild-android-64/-/esbuild-android-64-0.15.18.tgz",
      "integrity": "sha512-wnpt3OXRhcjfIDSZu9bnzT4/TNTDsOUvip0foZOUBG7QbSt//w3QV4FInVJxNhKc/ErhUxc5z4QjHtMi7/TbgA==",
      "cpu": [
        "x64"
      ],
      "dev": true,
      "license": "MIT",
      "optional": true,
      "os": [
        "android"
      ],
      "engines": {
        "node": ">=12"
      }
    },
    "node_modules/esbuild-android-arm64": {
      "version": "0.15.18",
      "resolved": "https://registry.npmjs.org/esbuild-android-arm64/-/esbuild-android-arm64-0.15.18.tgz",
      "integrity": "sha512-G4xu89B8FCzav9XU8EjsXacCKSG2FT7wW9J6hOc18soEHJdtWu03L3TQDGf0geNxfLTtxENKBzMSq9LlbjS8OQ==",
      "cpu": [
        "arm64"
      ],
      "dev": true,
      "license": "MIT",
      "optional": true,
      "os": [
        "android"
      ],
      "engines": {
        "node": ">=12"
      }
    },
    "node_modules/esbuild-darwin-64": {
      "version": "0.15.18",
      "resolved": "https://registry.npmjs.org/esbuild-darwin-64/-/esbuild-darwin-64-0.15.18.tgz",
      "integrity": "sha512-2WAvs95uPnVJPuYKP0Eqx+Dl/jaYseZEUUT1sjg97TJa4oBtbAKnPnl3b5M9l51/nbx7+QAEtuummJZW0sBEmg==",
      "cpu": [
        "x64"
      ],
      "dev": true,
      "license": "MIT",
      "optional": true,
      "os": [
        "darwin"
      ],
      "engines": {
        "node": ">=12"
      }
    },
    "node_modules/esbuild-darwin-arm64": {
      "version": "0.15.18",
      "resolved": "https://registry.npmjs.org/esbuild-darwin-arm64/-/esbuild-darwin-arm64-0.15.18.tgz",
      "integrity": "sha512-tKPSxcTJ5OmNb1btVikATJ8NftlyNlc8BVNtyT/UAr62JFOhwHlnoPrhYWz09akBLHI9nElFVfWSTSRsrZiDUA==",
      "cpu": [
        "arm64"
      ],
      "dev": true,
      "license": "MIT",
      "optional": true,
      "os": [
        "darwin"
      ],
      "engines": {
        "node": ">=12"
      }
    },
    "node_modules/esbuild-freebsd-64": {
      "version": "0.15.18",
      "resolved": "https://registry.npmjs.org/esbuild-freebsd-64/-/esbuild-freebsd-64-0.15.18.tgz",
      "integrity": "sha512-TT3uBUxkteAjR1QbsmvSsjpKjOX6UkCstr8nMr+q7zi3NuZ1oIpa8U41Y8I8dJH2fJgdC3Dj3CXO5biLQpfdZA==",
      "cpu": [
        "x64"
      ],
      "dev": true,
      "license": "MIT",
      "optional": true,
      "os": [
        "freebsd"
      ],
      "engines": {
        "node": ">=12"
      }
    },
    "node_modules/esbuild-freebsd-arm64": {
      "version": "0.15.18",
      "resolved": "https://registry.npmjs.org/esbuild-freebsd-arm64/-/esbuild-freebsd-arm64-0.15.18.tgz",
      "integrity": "sha512-R/oVr+X3Tkh+S0+tL41wRMbdWtpWB8hEAMsOXDumSSa6qJR89U0S/PpLXrGF7Wk/JykfpWNokERUpCeHDl47wA==",
      "cpu": [
        "arm64"
      ],
      "dev": true,
      "license": "MIT",
      "optional": true,
      "os": [
        "freebsd"
      ],
      "engines": {
        "node": ">=12"
      }
    },
    "node_modules/esbuild-linux-32": {
      "version": "0.15.18",
      "resolved": "https://registry.npmjs.org/esbuild-linux-32/-/esbuild-linux-32-0.15.18.tgz",
      "integrity": "sha512-lphF3HiCSYtaa9p1DtXndiQEeQDKPl9eN/XNoBf2amEghugNuqXNZA/ZovthNE2aa4EN43WroO0B85xVSjYkbg==",
      "cpu": [
        "ia32"
      ],
      "dev": true,
      "license": "MIT",
      "optional": true,
      "os": [
        "linux"
      ],
      "engines": {
        "node": ">=12"
      }
    },
    "node_modules/esbuild-linux-64": {
      "version": "0.15.18",
      "resolved": "https://registry.npmjs.org/esbuild-linux-64/-/esbuild-linux-64-0.15.18.tgz",
      "integrity": "sha512-hNSeP97IviD7oxLKFuii5sDPJ+QHeiFTFLoLm7NZQligur8poNOWGIgpQ7Qf8Balb69hptMZzyOBIPtY09GZYw==",
      "cpu": [
        "x64"
      ],
      "dev": true,
      "license": "MIT",
      "optional": true,
      "os": [
        "linux"
      ],
      "engines": {
        "node": ">=12"
      }
    },
    "node_modules/esbuild-linux-arm": {
      "version": "0.15.18",
      "resolved": "https://registry.npmjs.org/esbuild-linux-arm/-/esbuild-linux-arm-0.15.18.tgz",
      "integrity": "sha512-UH779gstRblS4aoS2qpMl3wjg7U0j+ygu3GjIeTonCcN79ZvpPee12Qun3vcdxX+37O5LFxz39XeW2I9bybMVA==",
      "cpu": [
        "arm"
      ],
      "dev": true,
      "license": "MIT",
      "optional": true,
      "os": [
        "linux"
      ],
      "engines": {
        "node": ">=12"
      }
    },
    "node_modules/esbuild-linux-arm64": {
      "version": "0.15.18",
      "resolved": "https://registry.npmjs.org/esbuild-linux-arm64/-/esbuild-linux-arm64-0.15.18.tgz",
      "integrity": "sha512-54qr8kg/6ilcxd+0V3h9rjT4qmjc0CccMVWrjOEM/pEcUzt8X62HfBSeZfT2ECpM7104mk4yfQXkosY8Quptug==",
      "cpu": [
        "arm64"
      ],
      "dev": true,
      "license": "MIT",
      "optional": true,
      "os": [
        "linux"
      ],
      "engines": {
        "node": ">=12"
      }
    },
    "node_modules/esbuild-linux-mips64le": {
      "version": "0.15.18",
      "resolved": "https://registry.npmjs.org/esbuild-linux-mips64le/-/esbuild-linux-mips64le-0.15.18.tgz",
      "integrity": "sha512-Mk6Ppwzzz3YbMl/ZZL2P0q1tnYqh/trYZ1VfNP47C31yT0K8t9s7Z077QrDA/guU60tGNp2GOwCQnp+DYv7bxQ==",
      "cpu": [
        "mips64el"
      ],
      "dev": true,
      "license": "MIT",
      "optional": true,
      "os": [
        "linux"
      ],
      "engines": {
        "node": ">=12"
      }
    },
    "node_modules/esbuild-linux-ppc64le": {
      "version": "0.15.18",
      "resolved": "https://registry.npmjs.org/esbuild-linux-ppc64le/-/esbuild-linux-ppc64le-0.15.18.tgz",
      "integrity": "sha512-b0XkN4pL9WUulPTa/VKHx2wLCgvIAbgwABGnKMY19WhKZPT+8BxhZdqz6EgkqCLld7X5qiCY2F/bfpUUlnFZ9w==",
      "cpu": [
        "ppc64"
      ],
      "dev": true,
      "license": "MIT",
      "optional": true,
      "os": [
        "linux"
      ],
      "engines": {
        "node": ">=12"
      }
    },
    "node_modules/esbuild-linux-riscv64": {
      "version": "0.15.18",
      "resolved": "https://registry.npmjs.org/esbuild-linux-riscv64/-/esbuild-linux-riscv64-0.15.18.tgz",
      "integrity": "sha512-ba2COaoF5wL6VLZWn04k+ACZjZ6NYniMSQStodFKH/Pu6RxzQqzsmjR1t9QC89VYJxBeyVPTaHuBMCejl3O/xg==",
      "cpu": [
        "riscv64"
      ],
      "dev": true,
      "license": "MIT",
      "optional": true,
      "os": [
        "linux"
      ],
      "engines": {
        "node": ">=12"
      }
    },
    "node_modules/esbuild-linux-s390x": {
      "version": "0.15.18",
      "resolved": "https://registry.npmjs.org/esbuild-linux-s390x/-/esbuild-linux-s390x-0.15.18.tgz",
      "integrity": "sha512-VbpGuXEl5FCs1wDVp93O8UIzl3ZrglgnSQ+Hu79g7hZu6te6/YHgVJxCM2SqfIila0J3k0csfnf8VD2W7u2kzQ==",
      "cpu": [
        "s390x"
      ],
      "dev": true,
      "license": "MIT",
      "optional": true,
      "os": [
        "linux"
      ],
      "engines": {
        "node": ">=12"
      }
    },
    "node_modules/esbuild-netbsd-64": {
      "version": "0.15.18",
      "resolved": "https://registry.npmjs.org/esbuild-netbsd-64/-/esbuild-netbsd-64-0.15.18.tgz",
      "integrity": "sha512-98ukeCdvdX7wr1vUYQzKo4kQ0N2p27H7I11maINv73fVEXt2kyh4K4m9f35U1K43Xc2QGXlzAw0K9yoU7JUjOg==",
      "cpu": [
        "x64"
      ],
      "dev": true,
      "license": "MIT",
      "optional": true,
      "os": [
        "netbsd"
      ],
      "engines": {
        "node": ">=12"
      }
    },
    "node_modules/esbuild-openbsd-64": {
      "version": "0.15.18",
      "resolved": "https://registry.npmjs.org/esbuild-openbsd-64/-/esbuild-openbsd-64-0.15.18.tgz",
      "integrity": "sha512-yK5NCcH31Uae076AyQAXeJzt/vxIo9+omZRKj1pauhk3ITuADzuOx5N2fdHrAKPxN+zH3w96uFKlY7yIn490xQ==",
      "cpu": [
        "x64"
      ],
      "dev": true,
      "license": "MIT",
      "optional": true,
      "os": [
        "openbsd"
      ],
      "engines": {
        "node": ">=12"
      }
    },
    "node_modules/esbuild-sunos-64": {
      "version": "0.15.18",
      "resolved": "https://registry.npmjs.org/esbuild-sunos-64/-/esbuild-sunos-64-0.15.18.tgz",
      "integrity": "sha512-On22LLFlBeLNj/YF3FT+cXcyKPEI263nflYlAhz5crxtp3yRG1Ugfr7ITyxmCmjm4vbN/dGrb/B7w7U8yJR9yw==",
      "cpu": [
        "x64"
      ],
      "dev": true,
      "license": "MIT",
      "optional": true,
      "os": [
        "sunos"
      ],
      "engines": {
        "node": ">=12"
      }
    },
    "node_modules/esbuild-windows-32": {
      "version": "0.15.18",
      "resolved": "https://registry.npmjs.org/esbuild-windows-32/-/esbuild-windows-32-0.15.18.tgz",
      "integrity": "sha512-o+eyLu2MjVny/nt+E0uPnBxYuJHBvho8vWsC2lV61A7wwTWC3jkN2w36jtA+yv1UgYkHRihPuQsL23hsCYGcOQ==",
      "cpu": [
        "ia32"
      ],
      "dev": true,
      "license": "MIT",
      "optional": true,
      "os": [
        "win32"
      ],
      "engines": {
        "node": ">=12"
      }
    },
    "node_modules/esbuild-windows-64": {
      "version": "0.15.18",
      "resolved": "https://registry.npmjs.org/esbuild-windows-64/-/esbuild-windows-64-0.15.18.tgz",
      "integrity": "sha512-qinug1iTTaIIrCorAUjR0fcBk24fjzEedFYhhispP8Oc7SFvs+XeW3YpAKiKp8dRpizl4YYAhxMjlftAMJiaUw==",
      "cpu": [
        "x64"
      ],
      "dev": true,
      "license": "MIT",
      "optional": true,
      "os": [
        "win32"
      ],
      "engines": {
        "node": ">=12"
      }
    },
    "node_modules/esbuild-windows-arm64": {
      "version": "0.15.18",
      "resolved": "https://registry.npmjs.org/esbuild-windows-arm64/-/esbuild-windows-arm64-0.15.18.tgz",
      "integrity": "sha512-q9bsYzegpZcLziq0zgUi5KqGVtfhjxGbnksaBFYmWLxeV/S1fK4OLdq2DFYnXcLMjlZw2L0jLsk1eGoB522WXQ==",
      "cpu": [
        "arm64"
      ],
      "dev": true,
      "license": "MIT",
      "optional": true,
      "os": [
        "win32"
      ],
      "engines": {
        "node": ">=12"
      }
    },
    "node_modules/estree-walker": {
      "version": "2.0.2",
      "resolved": "https://registry.npmjs.org/estree-walker/-/estree-walker-2.0.2.tgz",
      "integrity": "sha512-Rfkk/Mp/DL7JVje3u18FxFujQlTNR2q6QfMSMB7AvCBx91NGj/ba3kCfza0f6dVDbw7YlRf/nDrn7pQrCCyQ/w==",
      "dev": true,
      "license": "MIT"
    },
    "node_modules/fsevents": {
      "version": "2.3.3",
      "resolved": "https://registry.npmjs.org/fsevents/-/fsevents-2.3.3.tgz",
      "integrity": "sha512-5xoDfX+fL7faATnagmWPpbFtwh/R77WmMMqqHGS65C3vvB0YHrgF+B1YmZ3441tMj5n63k0212XNoJwzlhffQw==",
      "dev": true,
      "hasInstallScript": true,
      "license": "MIT",
      "optional": true,
      "os": [
        "darwin"
      ],
      "engines": {
        "node": "^8.16.0 || ^10.6.0 || >=11.0.0"
      }
    },
    "node_modules/function-bind": {
      "version": "1.1.2",
      "resolved": "https://registry.npmjs.org/function-bind/-/function-bind-1.1.2.tgz",
      "integrity": "sha512-7XHNxH7qX9xG5mIwxkhumTox/MIRNcOgDrxWsMt2pAr23WHp6MrRlN7FBSFpCpr+oVO0F744iUgR82nJMfG2SA==",
      "dev": true,
      "license": "MIT",
      "funding": {
        "url": "https://github.com/sponsors/ljharb"
      }
    },
    "node_modules/hasown": {
      "version": "2.0.2",
      "resolved": "https://registry.npmjs.org/hasown/-/hasown-2.0.2.tgz",
      "integrity": "sha512-0hJU9SCPvmMzIBdZFqNPXWa6dqh7WdH0cII9y+CyS8rG3nL48Bclra9HmKhVVUHyPWNH5Y7xDwAB7bfgSjkUMQ==",
      "dev": true,
      "license": "MIT",
      "dependencies": {
        "function-bind": "^1.1.2"
      },
      "engines": {
        "node": ">= 0.4"
      }
    },
    "node_modules/is-core-module": {
      "version": "2.16.0",
      "resolved": "https://registry.npmjs.org/is-core-module/-/is-core-module-2.16.0.tgz",
      "integrity": "sha512-urTSINYfAYgcbLb0yDQ6egFm6h3Mo1DcF9EkyXSRjjzdHbsulg01qhwWuXdOoUBuTkbQ80KDboXa0vFJ+BDH+g==",
      "dev": true,
      "license": "MIT",
      "dependencies": {
        "hasown": "^2.0.2"
      },
      "engines": {
        "node": ">= 0.4"
      },
      "funding": {
        "url": "https://github.com/sponsors/ljharb"
      }
    },
    "node_modules/jsonc-parser": {
      "version": "3.3.1",
      "resolved": "https://registry.npmjs.org/jsonc-parser/-/jsonc-parser-3.3.1.tgz",
      "integrity": "sha512-HUgH65KyejrUFPvHFPbqOY0rsFip3Bo5wb4ngvdi1EpCYWUQDC5V+Y7mZws+DLkr4M//zQJoanu1SP+87Dv1oQ==",
      "dev": true,
      "license": "MIT"
    },
    "node_modules/magic-string": {
      "version": "0.25.9",
      "resolved": "https://registry.npmjs.org/magic-string/-/magic-string-0.25.9.tgz",
      "integrity": "sha512-RmF0AsMzgt25qzqqLc1+MbHmhdx0ojF2Fvs4XnOqz2ZOBXzzkEwc/dJQZCYHAn7v1jbVOjAZfK8msRn4BxO4VQ==",
      "dev": true,
      "license": "MIT",
      "dependencies": {
        "sourcemap-codec": "^1.4.8"
      }
    },
    "node_modules/nanoid": {
      "version": "3.3.8",
      "resolved": "https://registry.npmjs.org/nanoid/-/nanoid-3.3.8.tgz",
      "integrity": "sha512-WNLf5Sd8oZxOm+TzppcYk8gVOgP+l58xNy58D0nbUnOxOWRWvlcCV4kUF7ltmI6PsrLl/BgKEyS4mqsGChFN0w==",
      "dev": true,
      "funding": [
        {
          "type": "github",
          "url": "https://github.com/sponsors/ai"
        }
      ],
      "license": "MIT",
      "bin": {
        "nanoid": "bin/nanoid.cjs"
      },
      "engines": {
        "node": "^10 || ^12 || ^13.7 || ^14 || >=15.0.1"
      }
    },
    "node_modules/path-parse": {
      "version": "1.0.7",
      "resolved": "https://registry.npmjs.org/path-parse/-/path-parse-1.0.7.tgz",
      "integrity": "sha512-LDJzPVEEEPR+y48z93A0Ed0yXb8pAByGWo/k5YYdYgpY2/2EsOsksJrq7lOHxryrVOn1ejG6oAp8ahvOIQD8sw==",
      "dev": true,
      "license": "MIT"
    },
    "node_modules/picocolors": {
      "version": "1.1.1",
      "resolved": "https://registry.npmjs.org/picocolors/-/picocolors-1.1.1.tgz",
      "integrity": "sha512-xceH2snhtb5M9liqDsmEw56le376mTZkEX/jEb/RxNFyegNul7eNslCXP9FDj/Lcu0X8KEyMceP2ntpaHrDEVA==",
      "dev": true,
      "license": "ISC"
    },
    "node_modules/postcss": {
      "version": "8.4.49",
      "resolved": "https://registry.npmjs.org/postcss/-/postcss-8.4.49.tgz",
      "integrity": "sha512-OCVPnIObs4N29kxTjzLfUryOkvZEq+pf8jTF0lg8E7uETuWHA+v7j3c/xJmiqpX450191LlmZfUKkXxkTry7nA==",
      "dev": true,
      "funding": [
        {
          "type": "opencollective",
          "url": "https://opencollective.com/postcss/"
        },
        {
          "type": "tidelift",
          "url": "https://tidelift.com/funding/github/npm/postcss"
        },
        {
          "type": "github",
          "url": "https://github.com/sponsors/ai"
        }
      ],
      "license": "MIT",
      "dependencies": {
        "nanoid": "^3.3.7",
        "picocolors": "^1.1.1",
        "source-map-js": "^1.2.1"
      },
      "engines": {
        "node": "^10 || ^12 || >=14"
      }
    },
    "node_modules/preact": {
      "version": "10.25.3",
      "resolved": "https://registry.npmjs.org/preact/-/preact-10.25.3.tgz",
      "integrity": "sha512-dzQmIFtM970z+fP9ziQ3yG4e3ULIbwZzJ734vaMVUTaKQ2+Ru1Ou/gjshOYVHCcd1rpAelC6ngjvjDXph98unQ==",
      "dev": true,
      "license": "MIT",
      "funding": {
        "type": "opencollective",
        "url": "https://opencollective.com/preact"
      }
    },
    "node_modules/resolve": {
      "version": "1.22.10",
      "resolved": "https://registry.npmjs.org/resolve/-/resolve-1.22.10.tgz",
      "integrity": "sha512-NPRy+/ncIMeDlTAsuqwKIiferiawhefFJtkNSW0qZJEqMEb+qBt/77B/jGeeek+F0uOeN05CDa6HXbbIgtVX4w==",
      "dev": true,
      "license": "MIT",
      "dependencies": {
        "is-core-module": "^2.16.0",
        "path-parse": "^1.0.7",
        "supports-preserve-symlinks-flag": "^1.0.0"
      },
      "bin": {
        "resolve": "bin/resolve"
      },
      "engines": {
        "node": ">= 0.4"
      },
      "funding": {
        "url": "https://github.com/sponsors/ljharb"
      }
    },
    "node_modules/rollup": {
      "version": "2.79.2",
      "resolved": "https://registry.npmjs.org/rollup/-/rollup-2.79.2.tgz",
      "integrity": "sha512-fS6iqSPZDs3dr/y7Od6y5nha8dW1YnbgtsyotCVvoFGKbERG++CVRFv1meyGDE1SNItQA8BrnCw7ScdAhRJ3XQ==",
      "dev": true,
      "license": "MIT",
      "bin": {
        "rollup": "dist/bin/rollup"
      },
      "engines": {
        "node": ">=10.0.0"
      },
      "optionalDependencies": {
        "fsevents": "~2.3.2"
      }
    },
    "node_modules/search-insights": {
      "version": "2.17.3",
      "resolved": "https://registry.npmjs.org/search-insights/-/search-insights-2.17.3.tgz",
      "integrity": "sha512-RQPdCYTa8A68uM2jwxoY842xDhvx3E5LFL1LxvxCNMev4o5mLuokczhzjAgGwUZBAmOKZknArSxLKmXtIi2AxQ==",
      "dev": true,
      "license": "MIT",
      "peer": true
    },
    "node_modules/shiki": {
      "version": "0.11.1",
      "resolved": "https://registry.npmjs.org/shiki/-/shiki-0.11.1.tgz",
      "integrity": "sha512-EugY9VASFuDqOexOgXR18ZV+TbFrQHeCpEYaXamO+SZlsnT/2LxuLBX25GGtIrwaEVFXUAbUQ601SWE2rMwWHA==",
      "dev": true,
      "license": "MIT",
      "dependencies": {
        "jsonc-parser": "^3.0.0",
        "vscode-oniguruma": "^1.6.1",
        "vscode-textmate": "^6.0.0"
      }
    },
    "node_modules/source-map": {
      "version": "0.6.1",
      "resolved": "https://registry.npmjs.org/source-map/-/source-map-0.6.1.tgz",
      "integrity": "sha512-UjgapumWlbMhkBgzT7Ykc5YXUT46F0iKu8SGXq0bcwP5dz/h0Plj6enJqjz1Zbq2l5WaqYnrVbwWOWMyF3F47g==",
      "dev": true,
      "license": "BSD-3-Clause",
      "engines": {
        "node": ">=0.10.0"
      }
    },
    "node_modules/source-map-js": {
      "version": "1.2.1",
      "resolved": "https://registry.npmjs.org/source-map-js/-/source-map-js-1.2.1.tgz",
      "integrity": "sha512-UXWMKhLOwVKb728IUtQPXxfYU+usdybtUrK/8uGE8CQMvrhOpwvzDBwj0QhSL7MQc7vIsISBG8VQ8+IDQxpfQA==",
      "dev": true,
      "license": "BSD-3-Clause",
      "engines": {
        "node": ">=0.10.0"
      }
    },
    "node_modules/sourcemap-codec": {
      "version": "1.4.8",
      "resolved": "https://registry.npmjs.org/sourcemap-codec/-/sourcemap-codec-1.4.8.tgz",
      "integrity": "sha512-9NykojV5Uih4lgo5So5dtw+f0JgJX30KCNI8gwhz2J9A15wD0Ml6tjHKwf6fTSa6fAdVBdZeNOs9eJ71qCk8vA==",
      "deprecated": "Please use @jridgewell/sourcemap-codec instead",
      "dev": true,
      "license": "MIT"
    },
    "node_modules/supports-preserve-symlinks-flag": {
      "version": "1.0.0",
      "resolved": "https://registry.npmjs.org/supports-preserve-symlinks-flag/-/supports-preserve-symlinks-flag-1.0.0.tgz",
      "integrity": "sha512-ot0WnXS9fgdkgIcePe6RHNk1WA8+muPa6cSjeR3V8K27q9BB1rTE3R1p7Hv0z1ZyAc8s6Vvv8DIyWf681MAt0w==",
      "dev": true,
      "license": "MIT",
      "engines": {
        "node": ">= 0.4"
      },
      "funding": {
        "url": "https://github.com/sponsors/ljharb"
      }
    },
    "node_modules/vite": {
      "version": "3.2.11",
      "resolved": "https://registry.npmjs.org/vite/-/vite-3.2.11.tgz",
      "integrity": "sha512-K/jGKL/PgbIgKCiJo5QbASQhFiV02X9Jh+Qq0AKCRCRKZtOTVi4t6wh75FDpGf2N9rYOnzH87OEFQNaFy6pdxQ==",
      "dev": true,
      "license": "MIT",
      "dependencies": {
        "esbuild": "^0.15.9",
        "postcss": "^8.4.18",
        "resolve": "^1.22.1",
        "rollup": "^2.79.1"
      },
      "bin": {
        "vite": "bin/vite.js"
      },
      "engines": {
        "node": "^14.18.0 || >=16.0.0"
      },
      "optionalDependencies": {
        "fsevents": "~2.3.2"
      },
      "peerDependencies": {
        "@types/node": ">= 14",
        "less": "*",
        "sass": "*",
        "stylus": "*",
        "sugarss": "*",
        "terser": "^5.4.0"
      },
      "peerDependenciesMeta": {
        "@types/node": {
          "optional": true
        },
        "less": {
          "optional": true
        },
        "sass": {
          "optional": true
        },
        "stylus": {
          "optional": true
        },
        "sugarss": {
          "optional": true
        },
        "terser": {
          "optional": true
        }
      }
    },
    "node_modules/vitepress": {
      "version": "1.0.0-alpha.28",
      "resolved": "https://registry.npmjs.org/vitepress/-/vitepress-1.0.0-alpha.28.tgz",
      "integrity": "sha512-pvbLssDMgLUN1terajmPlFBxHSDGO4DqwexKbjFyr7LeELerVuwGrG6F2J1hxmwOlbpLd1kHXEDqGm9JX/kTDQ==",
      "dev": true,
      "license": "MIT",
      "dependencies": {
        "@docsearch/css": "^3.3.0",
        "@docsearch/js": "^3.3.0",
        "@vitejs/plugin-vue": "^3.2.0",
        "@vue/devtools-api": "^6.4.5",
        "@vueuse/core": "^9.4.0",
        "body-scroll-lock": "4.0.0-beta.0",
        "shiki": "^0.11.1",
        "vite": "^3.2.3",
        "vue": "^3.2.41"
      },
      "bin": {
        "vitepress": "bin/vitepress.js"
      }
    },
    "node_modules/vscode-oniguruma": {
      "version": "1.7.0",
      "resolved": "https://registry.npmjs.org/vscode-oniguruma/-/vscode-oniguruma-1.7.0.tgz",
      "integrity": "sha512-L9WMGRfrjOhgHSdOYgCt/yRMsXzLDJSL7BPrOZt73gU0iWO4mpqzqQzOz5srxqTvMBaR0XZTSrVWo4j55Rc6cA==",
      "dev": true,
      "license": "MIT"
    },
    "node_modules/vscode-textmate": {
      "version": "6.0.0",
      "resolved": "https://registry.npmjs.org/vscode-textmate/-/vscode-textmate-6.0.0.tgz",
      "integrity": "sha512-gu73tuZfJgu+mvCSy4UZwd2JXykjK9zAZsfmDeut5dx/1a7FeTk0XwJsSuqQn+cuMCGVbIBfl+s53X4T19DnzQ==",
      "dev": true,
      "license": "MIT"
    },
    "node_modules/vue": {
      "version": "3.2.44",
      "resolved": "https://registry.npmjs.org/vue/-/vue-3.2.44.tgz",
      "integrity": "sha512-nyNtFDh+0TpRgYCUVfPD1mJ9PpIsCPXaOF4DeGNIT5vQ4X23ykflGq3Sy2P+tEt1/pQZxZnAysuRKwyhNj+Cjw==",
      "dev": true,
      "license": "MIT",
      "dependencies": {
        "@vue/compiler-dom": "3.2.44",
        "@vue/compiler-sfc": "3.2.44",
        "@vue/runtime-dom": "3.2.44",
        "@vue/server-renderer": "3.2.44",
        "@vue/shared": "3.2.44"
      }
    }
  }
}
